
Microsoft Visual Studio Solution File, Format Version 12.00
# Visual Studio Version 17
VisualStudioVersion = 17.0.31903.59
MinimumVisualStudioVersion = 10.0.40219.1
Project("{2150E333-8FDC-42A3-9474-1A3956D46DE8}") = "src", "src", "{373C2F90-EFB6-431F-9310-95C28C5F62E7}"
EndProject
Project("{FAE04EC0-301F-11D3-BF4B-00C04F79EFBC}") = "BidForge.Domain", "src\BidForge.Domain\BidForge.Domain.csproj", "{A087D58A-1388-4563-9437-C5AD9215C4CA}"
EndProject
Project("{FAE04EC0-301F-11D3-BF4B-00C04F79EFBC}") = "BidForge.Application", "src\BidForge.Application\BidForge.Application.csproj", "{19789A00-E18E-40A8-928B-3766AB2172BB}"
EndProject
Project("{FAE04EC0-301F-11D3-BF4B-00C04F79EFBC}") = "BidForge.Infrastructure", "src\BidForge.Infrastructure\BidForge.Infrastructure.csproj", "{249C5209-B05E-48F8-AA70-7CD0E4A6CA31}"
EndProject
Project("{FAE04EC0-301F-11D3-BF4B-00C04F79EFBC}") = "BidForge.Api", "src\BidForge.Api\BidForge.Api.csproj", "{1A0EB116-BDBE-4982-A351-464FD3F42763}"
EndProject
Global
	GlobalSection(SolutionConfigurationPlatforms) = preSolution
		Debug|Any CPU = Debug|Any CPU
		Release|Any CPU = Release|Any CPU
	EndGlobalSection
	GlobalSection(SolutionProperties) = preSolution
		HideSolutionNode = FALSE
	EndGlobalSection
	GlobalSection(ProjectConfigurationPlatforms) = postSolution
		{A087D58A-1388-4563-9437-C5AD9215C4CA}.Debug|Any CPU.ActiveCfg = Debug|Any CPU
		{A087D58A-1388-4563-9437-C5AD9215C4CA}.Debug|Any CPU.Build.0 = Debug|Any CPU
		{A087D58A-1388-4563-9437-C5AD9215C4CA}.Release|Any CPU.ActiveCfg = Release|Any CPU
		{A087D58A-1388-4563-9437-C5AD9215C4CA}.Release|Any CPU.Build.0 = Release|Any CPU
		{19789A00-E18E-40A8-928B-3766AB2172BB}.Debug|Any CPU.ActiveCfg = Debug|Any CPU
		{19789A00-E18E-40A8-928B-3766AB2172BB}.Debug|Any CPU.Build.0 = Debug|Any CPU
		{19789A00-E18E-40A8-928B-3766AB2172BB}.Release|Any CPU.ActiveCfg = Release|Any CPU
		{19789A00-E18E-40A8-928B-3766AB2172BB}.Release|Any CPU.Build.0 = Release|Any CPU
		{249C5209-B05E-48F8-AA70-7CD0E4A6CA31}.Debug|Any CPU.ActiveCfg = Debug|Any CPU
		{249C5209-B05E-48F8-AA70-7CD0E4A6CA31}.Debug|Any CPU.Build.0 = Debug|Any CPU
		{249C5209-B05E-48F8-AA70-7CD0E4A6CA31}.Release|Any CPU.ActiveCfg = Release|Any CPU
		{249C5209-B05E-48F8-AA70-7CD0E4A6CA31}.Release|Any CPU.Build.0 = Release|Any CPU
		{1A0EB116-BDBE-4982-A351-464FD3F42763}.Debug|Any CPU.ActiveCfg = Debug|Any CPU
		{1A0EB116-BDBE-4982-A351-464FD3F42763}.Debug|Any CPU.Build.0 = Debug|Any CPU
		{1A0EB116-BDBE-4982-A351-464FD3F42763}.Release|Any CPU.ActiveCfg = Release|Any CPU
		{1A0EB116-BDBE-4982-A351-464FD3F42763}.Release|Any CPU.Build.0 = Release|Any CPU
	EndGlobalSection
	GlobalSection(NestedProjects) = preSolution
		{A087D58A-1388-4563-9437-C5AD9215C4CA} = {373C2F90-EFB6-431F-9310-95C28C5F62E7}
		{19789A00-E18E-40A8-928B-3766AB2172BB} = {373C2F90-EFB6-431F-9310-95C28C5F62E7}
		{249C5209-B05E-48F8-AA70-7CD0E4A6CA31} = {373C2F90-EFB6-431F-9310-95C28C5F62E7}
		{1A0EB116-BDBE-4982-A351-464FD3F42763} = {373C2F90-EFB6-431F-9310-95C28C5F62E7}
	EndGlobalSection
EndGlobal
